// !$*UTF8*$!
{
	archiveVersion = 1;
	classes = {
	};
	objectVersion = 70;
	objects = {

/* Begin PBXBuildFile section */
		29C15B1D2CDC3B2900520DD4 /* bat in Resources */ = {isa = PBXBuildFile; fileRef = 29C15B1C2CDC3B2000520DD4 /* bat */; };
		55154BE02B33911F001622DC /* ghostty in Resources */ = {isa = PBXBuildFile; fileRef = 55154BDF2B33911F001622DC /* ghostty */; };
		552964E62B34A9B400030505 /* vim in Resources */ = {isa = PBXBuildFile; fileRef = 552964E52B34A9B400030505 /* vim */; };
		819324582F24E78800A9ED8F /* DockTilePlugin.plugin in Copy DockTilePlugin */ = {isa = PBXBuildFile; fileRef = 8193244D2F24E6C000A9ED8F /* DockTilePlugin.plugin */; settings = {ATTRIBUTES = (CodeSignOnCopy, RemoveHeadersOnCopy, ); }; };
		819324642F24FF2100A9ED8F /* Assets.xcassets in Resources */ = {isa = PBXBuildFile; fileRef = A5B30538299BEAAB0047F10C /* Assets.xcassets */; };
		8F3A9B4C2FA6B88000A18D13 /* Ghostty.sdef in Resources */ = {isa = PBXBuildFile; fileRef = 8F3A9B4B2FA6B88000A18D13 /* Ghostty.sdef */; };
		9351BE8E3D22937F003B3499 /* nvim in Resources */ = {isa = PBXBuildFile; fileRef = 9351BE8E2D22937F003B3499 /* nvim */; };
		A51BFC272B30F1B800E92F16 /* Sparkle in Frameworks */ = {isa = PBXBuildFile; productRef = A51BFC262B30F1B800E92F16 /* Sparkle */; };
		A53D0C8E2B53B0EA00305CE6 /* GhosttyKit.xcframework in Frameworks */ = {isa = PBXBuildFile; fileRef = A5D495A1299BEC7E00DD1313 /* GhosttyKit.xcframework */; };
		A53D0C952B53B4D800305CE6 /* Assets.xcassets in Resources */ = {isa = PBXBuildFile; fileRef = A5B30538299BEAAB0047F10C /* Assets.xcassets */; };
		A546F1142D7B68D7003B11A0 /* locale in Resources */ = {isa = PBXBuildFile; fileRef = A546F1132D7B68D7003B11A0 /* locale */; };
		A553F4132E06EB1600257779 /* Ghostty.icon in Resources */ = {isa = PBXBuildFile; fileRef = A553F4122E06EB1600257779 /* Ghostty.icon */; };
		A553F4142E06EB1600257779 /* Ghostty.icon in Resources */ = {isa = PBXBuildFile; fileRef = A553F4122E06EB1600257779 /* Ghostty.icon */; };
		A56B880B2A840447007A0E29 /* Carbon.framework in Frameworks */ = {isa = PBXBuildFile; fileRef = A56B880A2A840447007A0E29 /* Carbon.framework */; };
		A571AB1D2A206FCF00248498 /* GhosttyKit.xcframework in Frameworks */ = {isa = PBXBuildFile; fileRef = A5D495A1299BEC7E00DD1313 /* GhosttyKit.xcframework */; };
		A586167C2B7703CC009BDB1D /* fish in Resources */ = {isa = PBXBuildFile; fileRef = A586167B2B7703CC009BDB1D /* fish */; };
		A5985CE62C33060F00C57AD3 /* man in Resources */ = {isa = PBXBuildFile; fileRef = A5985CE52C33060F00C57AD3 /* man */; };
		A5A1F8852A489D6800D1E8BC /* terminfo in Resources */ = {isa = PBXBuildFile; fileRef = A5A1F8842A489D6800D1E8BC /* terminfo */; };
		A5B30539299BEAAB0047F10C /* Assets.xcassets in Resources */ = {isa = PBXBuildFile; fileRef = A5B30538299BEAAB0047F10C /* Assets.xcassets */; };
		FC5218FA2D10FFCE004C93E0 /* zsh in Resources */ = {isa = PBXBuildFile; fileRef = FC5218F92D10FFC7004C93E0 /* zsh */; };
		FC9ABA9C2D0F53F80020D4C8 /* bash-completion in Resources */ = {isa = PBXBuildFile; fileRef = FC9ABA9B2D0F538D0020D4C8 /* bash-completion */; };
/* End PBXBuildFile section */

/* Begin PBXContainerItemProxy section */
		810ACCA52E9D3302004F8F92 /* PBXContainerItemProxy */ = {
			isa = PBXContainerItemProxy;
			containerPortal = A5B30529299BEAAA0047F10C /* Project object */;
			proxyType = 1;
			remoteGlobalIDString = A5B30530299BEAAA0047F10C;
			remoteInfo = Ghostty;
		};
		819324672F2502FB00A9ED8F /* PBXContainerItemProxy */ = {
			isa = PBXContainerItemProxy;
			containerPortal = A5B30529299BEAAA0047F10C /* Project object */;
			proxyType = 1;
			remoteGlobalIDString = 8193244C2F24E6C000A9ED8F;
			remoteInfo = DockTilePlugin;
		};
		A54F45F72E1F047A0046BD5C /* PBXContainerItemProxy */ = {
			isa = PBXContainerItemProxy;
			containerPortal = A5B30529299BEAAA0047F10C /* Project object */;
			proxyType = 1;
			remoteGlobalIDString = A5B30530299BEAAA0047F10C;
			remoteInfo = Ghostty;
		};
/* End PBXContainerItemProxy section */

/* Begin PBXCopyFilesBuildPhase section */
		819324572F24E74E00A9ED8F /* Copy DockTilePlugin */ = {
			isa = PBXCopyFilesBuildPhase;
			buildActionMask = 2147483647;
			dstPath = "";
			dstSubfolderSpec = 13;
			files = (
				819324582F24E78800A9ED8F /* DockTilePlugin.plugin in Copy DockTilePlugin */,
			);
			name = "Copy DockTilePlugin";
			runOnlyForDeploymentPostprocessing = 0;
		};
/* End PBXCopyFilesBuildPhase section */

/* Begin PBXFileReference section */
		29C15B1C2CDC3B2000520DD4 /* bat */ = {isa = PBXFileReference; lastKnownFileType = folder; name = bat; path = "../zig-out/share/bat"; sourceTree = "<group>"; };
		3B39CAA42B33949B00DABEB8 /* GhosttyReleaseLocal.entitlements */ = {isa = PBXFileReference; lastKnownFileType = text.plist.entitlements; path = GhosttyReleaseLocal.entitlements; sourceTree = "<group>"; };
		55154BDF2B33911F001622DC /* ghostty */ = {isa = PBXFileReference; lastKnownFileType = folder; name = ghostty; path = "../zig-out/share/ghostty"; sourceTree = "<group>"; };
		552964E52B34A9B400030505 /* vim */ = {isa = PBXFileReference; lastKnownFileType = folder; name = vim; path = "../zig-out/share/vim"; sourceTree = "<group>"; };
		810ACC9F2E9D3301004F8F92 /* GhosttyUITests.xctest */ = {isa = PBXFileReference; explicitFileType = wrapper.cfbundle; includeInIndex = 0; path = GhosttyUITests.xctest; sourceTree = BUILT_PRODUCTS_DIR; };
		8193244D2F24E6C000A9ED8F /* DockTilePlugin.plugin */ = {isa = PBXFileReference; explicitFileType = wrapper.cfbundle; includeInIndex = 0; path = DockTilePlugin.plugin; sourceTree = BUILT_PRODUCTS_DIR; };
		8F3A9B4B2FA6B88000A18D13 /* Ghostty.sdef */ = {isa = PBXFileReference; lastKnownFileType = text.sdef; path = Ghostty.sdef; sourceTree = "<group>"; };
		9351BE8E2D22937F003B3499 /* nvim */ = {isa = PBXFileReference; lastKnownFileType = folder; name = nvim; path = "../zig-out/share/nvim"; sourceTree = "<group>"; };
		A51BFC282B30F26D00E92F16 /* GhosttyDebug.entitlements */ = {isa = PBXFileReference; lastKnownFileType = text.plist.entitlements; path = GhosttyDebug.entitlements; sourceTree = "<group>"; };
		A546F1132D7B68D7003B11A0 /* locale */ = {isa = PBXFileReference; lastKnownFileType = folder; name = locale; path = "../zig-out/share/locale"; sourceTree = "<group>"; };
		A54F45F32E1F047A0046BD5C /* GhosttyTests.xctest */ = {isa = PBXFileReference; explicitFileType = wrapper.cfbundle; includeInIndex = 0; path = GhosttyTests.xctest; sourceTree = BUILT_PRODUCTS_DIR; };
		A553F4122E06EB1600257779 /* Ghostty.icon */ = {isa = PBXFileReference; lastKnownFileType = folder.iconcomposer.icon; name = Ghostty.icon; path = ../images/Ghostty.icon; sourceTree = SOURCE_ROOT; };
		A56B880A2A840447007A0E29 /* Carbon.framework */ = {isa = PBXFileReference; lastKnownFileType = wrapper.framework; name = Carbon.framework; path = System/Library/Frameworks/Carbon.framework; sourceTree = SDKROOT; };
		A571AB1C2A206FC600248498 /* Ghostty-Info.plist */ = {isa = PBXFileReference; lastKnownFileType = text.plist; path = "Ghostty-Info.plist"; sourceTree = "<group>"; };
		A586167B2B7703CC009BDB1D /* fish */ = {isa = PBXFileReference; lastKnownFileType = folder; name = fish; path = "../zig-out/share/fish"; sourceTree = "<group>"; };
		A5985CE52C33060F00C57AD3 /* man */ = {isa = PBXFileReference; lastKnownFileType = folder; name = man; path = "../zig-out/share/man"; sourceTree = "<group>"; };
		A5A1F8842A489D6800D1E8BC /* terminfo */ = {isa = PBXFileReference; lastKnownFileType = folder; name = terminfo; path = "../zig-out/share/terminfo"; sourceTree = "<group>"; };
		A5B30531299BEAAA0047F10C /* Ghostty.app */ = {isa = PBXFileReference; explicitFileType = wrapper.application; includeInIndex = 0; path = Ghostty.app; sourceTree = BUILT_PRODUCTS_DIR; };
		A5B30538299BEAAB0047F10C /* Assets.xcassets */ = {isa = PBXFileReference; lastKnownFileType = folder.assetcatalog; path = Assets.xcassets; sourceTree = "<group>"; };
		A5B3053D299BEAAB0047F10C /* Ghostty.entitlements */ = {isa = PBXFileReference; lastKnownFileType = text.plist.entitlements; path = Ghostty.entitlements; sourceTree = "<group>"; };
		A5D4499D2B53AE7B000F5B83 /* Ghostty-iOS.app */ = {isa = PBXFileReference; explicitFileType = wrapper.application; includeInIndex = 0; path = "Ghostty-iOS.app"; sourceTree = BUILT_PRODUCTS_DIR; };
		A5D495A1299BEC7E00DD1313 /* GhosttyKit.xcframework */ = {isa = PBXFileReference; lastKnownFileType = wrapper.xcframework; path = GhosttyKit.xcframework; sourceTree = "<group>"; };
		FC5218F92D10FFC7004C93E0 /* zsh */ = {isa = PBXFileReference; lastKnownFileType = folder; name = zsh; path = "../zig-out/share/zsh"; sourceTree = "<group>"; };
		FC9ABA9B2D0F538D0020D4C8 /* bash-completion */ = {isa = PBXFileReference; lastKnownFileType = folder; name = "bash-completion"; path = "../zig-out/share/bash-completion"; sourceTree = "<group>"; };
/* End PBXFileReference section */

/* Begin PBXFileSystemSynchronizedBuildFileExceptionSet section */
		8193245D2F24E80800A9ED8F /* PBXFileSystemSynchronizedBuildFileExceptionSet */ = {
			isa = PBXFileSystemSynchronizedBuildFileExceptionSet;
			membershipExceptions = (
				"Features/Custom App Icon/AppIcon.swift",
				"Features/Custom App Icon/ColorizedGhosttyIcon.swift",
				"Features/Custom App Icon/DockTilePlugin.swift",
				"Features/Custom App Icon/Extensions/Notification+AppIcon.swift",
				"Features/Custom App Icon/Extensions/UserDefaults+AppIcon.swift",
				Ghostty/Ghostty.ConfigTypes.swift,
				Ghostty/GhosttyPackageMeta.swift,
				Helpers/CrossKit.swift,
				"Helpers/Extensions/NSImage+Extension.swift",
				"Helpers/Extensions/OSColor+Extension.swift",
				"Helpers/Extensions/OSPasteboard+Extension.swift",
			);
			target = 8193244C2F24E6C000A9ED8F /* DockTilePlugin */;
		};
		81F82CB02E8281F5001EDFA7 /* PBXFileSystemSynchronizedBuildFileExceptionSet */ = {
			isa = PBXFileSystemSynchronizedBuildFileExceptionSet;
			membershipExceptions = (
				App/macOS/AppDelegate.swift,
				"App/macOS/AppDelegate+Ghostty.swift",
				App/macOS/main.swift,
				App/macOS/MainMenu.xib,
				Features/About/About.xib,
				Features/About/AboutController.swift,
				Features/About/AboutView.swift,
				Features/About/AboutViewModel.swift,
				Features/About/CyclingIconView.swift,
				"Features/App Intents/CloseTerminalIntent.swift",
				"Features/App Intents/CommandPaletteIntent.swift",
				"Features/App Intents/Entities/CommandEntity.swift",
				"Features/App Intents/Entities/TerminalEntity.swift",
				"Features/App Intents/FocusTerminalIntent.swift",
				"Features/App Intents/GetTerminalDetailsIntent.swift",
				"Features/App Intents/GhosttyIntentError.swift",
				"Features/App Intents/InputIntent.swift",
				"Features/App Intents/IntentPermission.swift",
				"Features/App Intents/KeybindIntent.swift",
				"Features/App Intents/NewTerminalIntent.swift",
				"Features/App Intents/QuickTerminalIntent.swift",
				"Features/AppleScript/AppDelegate+AppleScript.swift",
				"Features/AppleScript/Ghostty.Input.Mods+AppleScript.swift",
				Features/AppleScript/ScriptInputTextCommand.swift,
				Features/AppleScript/ScriptKeyEventCommand.swift,
				Features/AppleScript/ScriptMouseButtonCommand.swift,
				Features/AppleScript/ScriptMousePosCommand.swift,
				Features/AppleScript/ScriptMouseScrollCommand.swift,
				Features/AppleScript/ScriptRecord.swift,
				Features/AppleScript/ScriptSurfaceConfiguration.swift,
				Features/AppleScript/ScriptTab.swift,
				Features/AppleScript/ScriptTerminal.swift,
				Features/AppleScript/ScriptWindow.swift,
				Features/ClipboardConfirmation/ClipboardConfirmation.xib,
				Features/ClipboardConfirmation/ClipboardConfirmationController.swift,
				Features/ClipboardConfirmation/ClipboardConfirmationView.swift,
				"Features/Command Palette/CommandPalette.swift",
				"Features/Command Palette/TerminalCommandPalette.swift",
				"Features/Custom App Icon/AppIcon.swift",
				"Features/Custom App Icon/ColorizedGhosttyIcon.swift",
				"Features/Custom App Icon/ColorizedGhosttyIconImage.swift",
				"Features/Custom App Icon/ColorizedGhosttyIconView.swift",
				"Features/Custom App Icon/DockTilePlugin.swift",
				"Features/Custom App Icon/Extensions/Notification+AppIcon.swift",
				"Features/Custom App Icon/Extensions/UserDefaults+AppIcon.swift",
				"Features/Global Keybinds/GlobalEventTap.swift",
				Features/QuickTerminal/QuickTerminal.xib,
				Features/QuickTerminal/QuickTerminalController.swift,
				Features/QuickTerminal/QuickTerminalPosition.swift,
				Features/QuickTerminal/QuickTerminalRestorableState.swift,
				Features/QuickTerminal/QuickTerminalScreen.swift,
				Features/QuickTerminal/QuickTerminalScreenStateCache.swift,
				Features/QuickTerminal/QuickTerminalSize.swift,
				Features/QuickTerminal/QuickTerminalSpaceBehavior.swift,
				Features/QuickTerminal/QuickTerminalWindow.swift,
				"Features/Secure Input/SecureInput.swift",
				"Features/Secure Input/SecureInputOverlay.swift",
				Features/Services/ServiceProvider.swift,
				Features/Settings/ConfigurationErrors.xib,
				Features/Settings/ConfigurationErrorsController.swift,
				Features/Settings/ConfigurationErrorsView.swift,
				Features/Settings/SettingsView.swift,
				Features/Splits/SplitTree.swift,
				Features/Splits/SplitView.Divider.swift,
				Features/Splits/SplitView.swift,
				Features/Splits/TerminalSplitTreeView.swift,
				Features/Terminal/BaseTerminalController.swift,
				Features/Terminal/ErrorView.swift,
				Features/Terminal/TerminalController.swift,
				Features/Terminal/TerminalRestorable.swift,
				"Features/Terminal/TerminalRestorableState+InteralState.swift",
				Features/Terminal/TerminalTabColor.swift,
				Features/Terminal/TerminalView.swift,
				Features/Terminal/TerminalViewContainer.swift,
				"Features/Terminal/Window Styles/HiddenTitlebarTerminalWindow.swift",
				"Features/Terminal/Window Styles/Terminal.xib",
				"Features/Terminal/Window Styles/TerminalHiddenTitlebar.xib",
				"Features/Terminal/Window Styles/TerminalTabsTitlebarTahoe.xib",
				"Features/Terminal/Window Styles/TerminalTabsTitlebarVentura.xib",
				"Features/Terminal/Window Styles/TerminalTransparentTitlebar.xib",
				"Features/Terminal/Window Styles/TerminalWindow.swift",
				"Features/Terminal/Window Styles/TitlebarTabsTahoeTerminalWindow.swift",
				"Features/Terminal/Window Styles/TitlebarTabsVenturaTerminalWindow.swift",
				"Features/Terminal/Window Styles/TransparentTitlebarTerminalWindow.swift",
				Features/Update/UpdateBadge.swift,
				Features/Update/UpdateController.swift,
				Features/Update/UpdateDelegate.swift,
				Features/Update/UpdateDriver.swift,
				Features/Update/UpdatePill.swift,
				Features/Update/UpdatePopoverView.swift,
				Features/Update/UpdateSimulator.swift,
				Features/Update/UpdateViewModel.swift,
				"Ghostty/FullscreenMode+Extension.swift",
				Ghostty/Ghostty.Error.swift,
				Ghostty/Ghostty.Event.swift,
				Ghostty/Ghostty.Input.swift,
				Ghostty/Ghostty.MenuShortcutManager.swift,
				Ghostty/Ghostty.Surface.swift,
				"Ghostty/NSEvent+Extension.swift",
				"Ghostty/Surface View/InspectorView.swift",
				"Ghostty/Surface View/SurfaceDragSource.swift",
				"Ghostty/Surface View/SurfaceGrabHandle.swift",
				"Ghostty/Surface View/SurfaceScrollView.swift",
				"Ghostty/Surface View/SurfaceView_AppKit.swift",
				Helpers/AppInfo.swift,
				Helpers/CodableBridge.swift,
				Helpers/Cursor.swift,
				Helpers/ExpiringUndoManager.swift,
				"Helpers/Extensions/Double+Extension.swift",
				"Helpers/Extensions/EventModifiers+Extension.swift",
				"Helpers/Extensions/FileHandle+Extension.swift",
				"Helpers/Extensions/KeyboardShortcut+Extension.swift",
				"Helpers/Extensions/NSAppearance+Extension.swift",
				"Helpers/Extensions/NSApplication+Extension.swift",
				"Helpers/Extensions/NSColor+Extension.swift",
				"Helpers/Extensions/NSImage+Extension.swift",
				"Helpers/Extensions/NSMenu+Extension.swift",
				"Helpers/Extensions/NSMenuItem+Extension.swift",
				"Helpers/Extensions/NSPasteboard+Extension.swift",
				"Helpers/Extensions/NSScreen+Extension.swift",
				"Helpers/Extensions/NSView+Extension.swift",
				"Helpers/Extensions/NSWindow+Extension.swift",
				"Helpers/Extensions/NSWorkspace+Extension.swift",
				"Helpers/Extensions/Transferable+Extension.swift",
				"Helpers/Extensions/UndoManager+Extension.swift",
				"Helpers/Extensions/View+Extension.swift",
				Helpers/Fullscreen.swift,
				Helpers/HostingWindow.swift,
				Helpers/KeyboardLayout.swift,
				Helpers/LastWindowPosition.swift,
				Helpers/MetalView.swift,
				Helpers/NonDraggableHostingView.swift,
				Helpers/ObjCExceptionCatcher.m,
				Helpers/PermissionRequest.swift,
				Helpers/Private/CGS.swift,
				Helpers/Private/Dock.swift,
				Helpers/TabGroupCloseCoordinator.swift,
				Helpers/TabTitleEditor.swift,
				Helpers/VibrantLayer.m,
			);
			target = A5D4499C2B53AE7B000F5B83 /* Ghostty-iOS */;
		};
		81F82CB12E8281F9001EDFA7 /* PBXFileSystemSynchronizedBuildFileExceptionSet */ = {
			isa = PBXFileSystemSynchronizedBuildFileExceptionSet;
			membershipExceptions = (
				App/iOS/iOSApp.swift,
				"Features/Custom App Icon/DockTilePlugin.swift",
				"Ghostty/Surface View/SurfaceView_UIKit.swift",
			);
			target = A5B30530299BEAAA0047F10C /* Ghostty */;
		};
/* End PBXFileSystemSynchronizedBuildFileExceptionSet section */

/* Begin PBXFileSystemSynchronizedRootGroup section */
		810ACCA02E9D3302004F8F92 /* GhosttyUITests */ = {isa = PBXFileSystemSynchronizedRootGroup; explicitFileTypes = {}; explicitFolders = (); path = GhosttyUITests; sourceTree = "<group>"; };
		81F82BC72E82815D001EDFA7 /* Sources */ = {isa = PBXFileSystemSynchronizedRootGroup; exceptions = (81F82CB12E8281F9001EDFA7 /* PBXFileSystemSynchronizedBuildFileExceptionSet */, 81F82CB02E8281F5001EDFA7 /* PBXFileSystemSynchronizedBuildFileExceptionSet */, 8193245D2F24E80800A9ED8F /* PBXFileSystemSynchronizedBuildFileExceptionSet */, ); explicitFileTypes = {}; explicitFolders = (); path = Sources; sourceTree = "<group>"; };
		A54F45F42E1F047A0046BD5C /* Tests */ = {isa = PBXFileSystemSynchronizedRootGroup; explicitFileTypes = {}; explicitFolders = (); path = Tests; sourceTree = "<group>"; };
/* End PBXFileSystemSynchronizedRootGroup section */

/* Begin PBXFrameworksBuildPhase section */
		810ACC9C2E9D3301004F8F92 /* Frameworks */ = {
			isa = PBXFrameworksBuildPhase;
			buildActionMask = 2147483647;
			files = (
			);
			runOnlyForDeploymentPostprocessing = 0;
		};
		8193244A2F24E6C000A9ED8F /* Frameworks */ = {
			isa = PBXFrameworksBuildPhase;
			buildActionMask = 2147483647;
			files = (
			);
			runOnlyForDeploymentPostprocessing = 0;
		};
		A54F45F02E1F047A0046BD5C /* Frameworks */ = {
			isa = PBXFrameworksBuildPhase;
			buildActionMask = 2147483647;
			files = (
			);
			runOnlyForDeploymentPostprocessing = 0;
		};
		A5B3052E299BEAAA0047F10C /* Frameworks */ = {
			isa = PBXFrameworksBuildPhase;
			buildActionMask = 2147483647;
			files = (
				A51BFC272B30F1B800E92F16 /* Sparkle in Frameworks */,
				A56B880B2A840447007A0E29 /* Carbon.framework in Frameworks */,
				A571AB1D2A206FCF00248498 /* GhosttyKit.xcframework in Frameworks */,
			);
			runOnlyForDeploymentPostprocessing = 0;
		};
		A5D4499A2B53AE7B000F5B83 /* Frameworks */ = {
			isa = PBXFrameworksBuildPhase;
			buildActionMask = 2147483647;
			files = (
				A53D0C8E2B53B0EA00305CE6 /* GhosttyKit.xcframework in Frameworks */,
			);
			runOnlyForDeploymentPostprocessing = 0;
		};
/* End PBXFrameworksBuildPhase section */

/* Begin PBXGroup section */
		A5A1F8862A489D7400D1E8BC /* Resources */ = {
			isa = PBXGroup;
			children = (
				FC9ABA9B2D0F538D0020D4C8 /* bash-completion */,
				29C15B1C2CDC3B2000520DD4 /* bat */,
				A586167B2B7703CC009BDB1D /* fish */,
				55154BDF2B33911F001622DC /* ghostty */,
				A546F1132D7B68D7003B11A0 /* locale */,
				A5985CE52C33060F00C57AD3 /* man */,
				9351BE8E2D22937F003B3499 /* nvim */,
				A5A1F8842A489D6800D1E8BC /* terminfo */,
				552964E52B34A9B400030505 /* vim */,
				FC5218F92D10FFC7004C93E0 /* zsh */,
			);
			name = Resources;
			sourceTree = "<group>";
		};
		A5B30528299BEAAA0047F10C = {
			isa = PBXGroup;
			children = (
				A571AB1C2A206FC600248498 /* Ghostty-Info.plist */,
				8F3A9B4B2FA6B88000A18D13 /* Ghostty.sdef */,
				A5B30538299BEAAB0047F10C /* Assets.xcassets */,
				A553F4122E06EB1600257779 /* Ghostty.icon */,
				A5B3053D299BEAAB0047F10C /* Ghostty.entitlements */,
				A51BFC282B30F26D00E92F16 /* GhosttyDebug.entitlements */,
				3B39CAA42B33949B00DABEB8 /* GhosttyReleaseLocal.entitlements */,
				81F82BC72E82815D001EDFA7 /* Sources */,
				A54F45F42E1F047A0046BD5C /* Tests */,
				810ACCA02E9D3302004F8F92 /* GhosttyUITests */,
				A5D495A3299BECBA00DD1313 /* Frameworks */,
				A5A1F8862A489D7400D1E8BC /* Resources */,
				A5B30532299BEAAA0047F10C /* Products */,
			);
			sourceTree = "<group>";
		};
		A5B30532299BEAAA0047F10C /* Products */ = {
			isa = PBXGroup;
			children = (
				A5B30531299BEAAA0047F10C /* Ghostty.app */,
				A5D4499D2B53AE7B000F5B83 /* Ghostty-iOS.app */,
				A54F45F32E1F047A0046BD5C /* GhosttyTests.xctest */,
				810ACC9F2E9D3301004F8F92 /* GhosttyUITests.xctest */,
				8193244D2F24E6C000A9ED8F /* DockTilePlugin.plugin */,
			);
			name = Products;
			sourceTree = "<group>";
		};
		A5D495A3299BECBA00DD1313 /* Frameworks */ = {
			isa = PBXGroup;
			children = (
				A56B880A2A840447007A0E29 /* Carbon.framework */,
				A5D495A1299BEC7E00DD1313 /* GhosttyKit.xcframework */,
			);
			name = Frameworks;
			sourceTree = "<group>";
		};
/* End PBXGroup section */

/* Begin PBXNativeTarget section */
		810ACC9E2E9D3301004F8F92 /* GhosttyUITests */ = {
			isa = PBXNativeTarget;
			buildConfigurationList = 810ACCA72E9D3302004F8F92 /* Build configuration list for PBXNativeTarget "GhosttyUITests" */;
			buildPhases = (
				810ACC9B2E9D3301004F8F92 /* Sources */,
				810ACC9C2E9D3301004F8F92 /* Frameworks */,
				810ACC9D2E9D3301004F8F92 /* Resources */,
			);
			buildRules = (
			);
			dependencies = (
				810ACCA62E9D3302004F8F92 /* PBXTargetDependency */,
			);
			fileSystemSynchronizedGroups = (
				810ACCA02E9D3302004F8F92 /* GhosttyUITests */,
			);
			name = GhosttyUITests;
			packageProductDependencies = (
			);
			productName = GhosttyUITests;
			productReference = 810ACC9F2E9D3301004F8F92 /* GhosttyUITests.xctest */;
			productType = "com.apple.product-type.bundle.ui-testing";
		};
		8193244C2F24E6C000A9ED8F /* DockTilePlugin */ = {
			isa = PBXNativeTarget;
			buildConfigurationList = 819324512F24E6C000A9ED8F /* Build configuration list for PBXNativeTarget "DockTilePlugin" */;
			buildPhases = (
				819324492F24E6C000A9ED8F /* Sources */,
				8193244A2F24E6C000A9ED8F /* Frameworks */,
				8193244B2F24E6C000A9ED8F /* Resources */,
			);
			buildRules = (
			);
			dependencies = (
			);
			name = DockTilePlugin;
			packageProductDependencies = (
			);
			productName = DockTilePlugin;
			productReference = 8193244D2F24E6C000A9ED8F /* DockTilePlugin.plugin */;
			productType = "com.apple.product-type.bundle";
		};
		A54F45F22E1F047A0046BD5C /* GhosttyTests */ = {
			isa = PBXNativeTarget;
			buildConfigurationList = A54F45FC2E1F047A0046BD5C /* Build configuration list for PBXNativeTarget "GhosttyTests" */;
			buildPhases = (
				A54F45EF2E1F047A0046BD5C /* Sources */,
				A54F45F02E1F047A0046BD5C /* Frameworks */,
				A54F45F12E1F047A0046BD5C /* Resources */,
			);
			buildRules = (
			);
			dependencies = (
				A54F45F82E1F047A0046BD5C /* PBXTargetDependency */,
			);
			fileSystemSynchronizedGroups = (
				A54F45F42E1F047A0046BD5C /* Tests */,
			);
			name = GhosttyTests;
			packageProductDependencies = (
			);
			productName = GhosttyTests;
			productReference = A54F45F32E1F047A0046BD5C /* GhosttyTests.xctest */;
			productType = "com.apple.product-type.bundle.unit-test";
		};
		A5B30530299BEAAA0047F10C /* Ghostty */ = {
			isa = PBXNativeTarget;
			buildConfigurationList = A5B30540299BEAAB0047F10C /* Build configuration list for PBXNativeTarget "Ghostty" */;
			buildPhases = (
				FC501E0B2F46B410007AE49D /* Run SwiftLint */,
				A5B3052D299BEAAA0047F10C /* Sources */,
				A5B3052E299BEAAA0047F10C /* Frameworks */,
				A5B3052F299BEAAA0047F10C /* Resources */,
				819324572F24E74E00A9ED8F /* Copy DockTilePlugin */,
			);
			buildRules = (
			);
			dependencies = (
				819324682F2502FB00A9ED8F /* PBXTargetDependency */,
			);
			fileSystemSynchronizedGroups = (
				81F82BC72E82815D001EDFA7 /* Sources */,
			);
			name = Ghostty;
			packageProductDependencies = (
				A51BFC262B30F1B800E92F16 /* Sparkle */,
			);
			productName = Ghostty;
			productReference = A5B30531299BEAAA0047F10C /* Ghostty.app */;
			productType = "com.apple.product-type.application";
		};
		A5D4499C2B53AE7B000F5B83 /* Ghostty-iOS */ = {
			isa = PBXNativeTarget;
			buildConfigurationList = A5D449AB2B53AE7B000F5B83 /* Build configuration list for PBXNativeTarget "Ghostty-iOS" */;
			buildPhases = (
				A5D449992B53AE7B000F5B83 /* Sources */,
				A5D4499A2B53AE7B000F5B83 /* Frameworks */,
				A5D4499B2B53AE7B000F5B83 /* Resources */,
			);
			buildRules = (
			);
			dependencies = (
			);
			fileSystemSynchronizedGroups = (
				81F82BC72E82815D001EDFA7 /* Sources */,
			);
			name = "Ghostty-iOS";
			productName = "Ghostty-iOS";
			productReference = A5D4499D2B53AE7B000F5B83 /* Ghostty-iOS.app */;
			productType = "com.apple.product-type.application";
		};
/* End PBXNativeTarget section */

/* Begin PBXProject section */
		A5B30529299BEAAA0047F10C /* Project object */ = {
			isa = PBXProject;
			attributes = {
				BuildIndependentTargetsInParallel = 1;
				LastSwiftUpdateCheck = 2610;
				LastUpgradeCheck = 1610;
				TargetAttributes = {
					810ACC9E2E9D3301004F8F92 = {
						CreatedOnToolsVersion = 26.1;
						TestTargetID = A5B30530299BEAAA0047F10C;
					};
					8193244C2F24E6C000A9ED8F = {
						CreatedOnToolsVersion = 26.2;
					};
					A54F45F22E1F047A0046BD5C = {
						CreatedOnToolsVersion = 26.0;
						TestTargetID = A5B30530299BEAAA0047F10C;
					};
					A5B30530299BEAAA0047F10C = {
						CreatedOnToolsVersion = 14.2;
						LastSwiftMigration = 1510;
					};
					A5D4499C2B53AE7B000F5B83 = {
						CreatedOnToolsVersion = 15.2;
					};
				};
			};
			buildConfigurationList = A5B3052C299BEAAA0047F10C /* Build configuration list for PBXProject "Ghostty" */;
			compatibilityVersion = "Xcode 14.0";
			developmentRegion = en;
			hasScannedForEncodings = 0;
			knownRegions = (
				en,
				Base,
			);
			mainGroup = A5B30528299BEAAA0047F10C;
			packageReferences = (
				A51BFC252B30F1B700E92F16 /* XCRemoteSwiftPackageReference "Sparkle" */,
			);
			productRefGroup = A5B30532299BEAAA0047F10C /* Products */;
			projectDirPath = "";
			projectRoot = "";
			targets = (
				A5B30530299BEAAA0047F10C /* Ghostty */,
				A5D4499C2B53AE7B000F5B83 /* Ghostty-iOS */,
				8193244C2F24E6C000A9ED8F /* DockTilePlugin */,
				A54F45F22E1F047A0046BD5C /* GhosttyTests */,
				810ACC9E2E9D3301004F8F92 /* GhosttyUITests */,
			);
		};
/* End PBXProject section */

/* Begin PBXResourcesBuildPhase section */
		810ACC9D2E9D3301004F8F92 /* Resources */ = {
			isa = PBXResourcesBuildPhase;
			buildActionMask = 2147483647;
			files = (
			);
			runOnlyForDeploymentPostprocessing = 0;
		};
		8193244B2F24E6C000A9ED8F /* Resources */ = {
			isa = PBXResourcesBuildPhase;
			buildActionMask = 2147483647;
			files = (
				819324642F24FF2100A9ED8F /* Assets.xcassets in Resources */,
			);
			runOnlyForDeploymentPostprocessing = 0;
		};
		A54F45F12E1F047A0046BD5C /* Resources */ = {
			isa = PBXResourcesBuildPhase;
			buildActionMask = 2147483647;
			files = (
			);
			runOnlyForDeploymentPostprocessing = 0;
		};
		A5B3052F299BEAAA0047F10C /* Resources */ = {
			isa = PBXResourcesBuildPhase;
			buildActionMask = 2147483647;
			files = (
				FC9ABA9C2D0F53F80020D4C8 /* bash-completion in Resources */,
				A553F4142E06EB1600257779 /* Ghostty.icon in Resources */,
				29C15B1D2CDC3B2900520DD4 /* bat in Resources */,
				A586167C2B7703CC009BDB1D /* fish in Resources */,
				8F3A9B4C2FA6B88000A18D13 /* Ghostty.sdef in Resources */,
				55154BE02B33911F001622DC /* ghostty in Resources */,
				A546F1142D7B68D7003B11A0 /* locale in Resources */,
				A5985CE62C33060F00C57AD3 /* man in Resources */,
				9351BE8E3D22937F003B3499 /* nvim in Resources */,
				A5A1F8852A489D6800D1E8BC /* terminfo in Resources */,
				552964E62B34A9B400030505 /* vim in Resources */,
				FC5218FA2D10FFCE004C93E0 /* zsh in Resources */,
				A5B30539299BEAAB0047F10C /* Assets.xcassets in Resources */,
			);
			runOnlyForDeploymentPostprocessing = 0;
		};
		A5D4499B2B53AE7B000F5B83 /* Resources */ = {
			isa = PBXResourcesBuildPhase;
			buildActionMask = 2147483647;
			files = (
				A53D0C952B53B4D800305CE6 /* Assets.xcassets in Resources */,
				A553F4132E06EB1600257779 /* Ghostty.icon in Resources */,
			);
			runOnlyForDeploymentPostprocessing = 0;
		};
/* End PBXResourcesBuildPhase section */

/* Begin PBXShellScriptBuildPhase section */
		FC501E0B2F46B410007AE49D /* Run SwiftLint */ = {
			isa = PBXShellScriptBuildPhase;
			alwaysOutOfDate = 1;
			buildActionMask = 2147483647;
			files = (
			);
			inputFileListPaths = (
			);
			inputPaths = (
			);
			name = "Run SwiftLint";
			outputFileListPaths = (
			);
			outputPaths = (
			);
			runOnlyForDeploymentPostprocessing = 0;
			shellPath = /bin/sh;
			shellScript = "[[ -z \"$GITHUB_ACTIONS\" ]] || exit 0;\n\nSWIFTLINT=\"\"\nif command -v swiftlint >/dev/null 2>&1; then\n    SWIFTLINT=\"$(command -v swiftlint)\"\nelif [[ -f \"/opt/homebrew/bin/swiftlint\" ]]; then\n    SWIFTLINT=\"/opt/homebrew/bin/swiftlint\"\nfi\n\nif [[ -n \"$SWIFTLINT\" ]]; then\n    \"$SWIFTLINT\" lint --quiet\nfi\n";
			showEnvVarsInLog = 0;
		};
/* End PBXShellScriptBuildPhase section */

/* Begin PBXSourcesBuildPhase section */
		810ACC9B2E9D3301004F8F92 /* Sources */ = {
			isa = PBXSourcesBuildPhase;
			buildActionMask = 2147483647;
			files = (
			);
			runOnlyForDeploymentPostprocessing = 0;
		};
		819324492F24E6C000A9ED8F /* Sources */ = {
			isa = PBXSourcesBuildPhase;
			buildActionMask = 2147483647;
			files = (
			);
			runOnlyForDeploymentPostprocessing = 0;
		};
		A54F45EF2E1F047A0046BD5C /* Sources */ = {
			isa = PBXSourcesBuildPhase;
			buildActionMask = 2147483647;
			files = (
			);
			runOnlyForDeploymentPostprocessing = 0;
		};
		A5B3052D299BEAAA0047F10C /* Sources */ = {
			isa = PBXSourcesBuildPhase;
			buildActionMask = 2147483647;
			files = (
			);
			runOnlyForDeploymentPostprocessing = 0;
		};
		A5D449992B53AE7B000F5B83 /* Sources */ = {
			isa = PBXSourcesBuildPhase;
			buildActionMask = 2147483647;
			files = (
			);
			runOnlyForDeploymentPostprocessing = 0;
		};
/* End PBXSourcesBuildPhase section */

/* Begin PBXTargetDependency section */
		810ACCA62E9D3302004F8F92 /* PBXTargetDependency */ = {
			isa = PBXTargetDependency;
			target = A5B30530299BEAAA0047F10C /* Ghostty */;
			targetProxy = 810ACCA52E9D3302004F8F92 /* PBXContainerItemProxy */;
		};
		819324682F2502FB00A9ED8F /* PBXTargetDependency */ = {
			isa = PBXTargetDependency;
			target = 8193244C2F24E6C000A9ED8F /* DockTilePlugin */;
			targetProxy = 819324672F2502FB00A9ED8F /* PBXContainerItemProxy */;
		};
		A54F45F82E1F047A0046BD5C /* PBXTargetDependency */ = {
			isa = PBXTargetDependency;
			target = A5B30530299BEAAA0047F10C /* Ghostty */;
			targetProxy = A54F45F72E1F047A0046BD5C /* PBXContainerItemProxy */;
		};
/* End PBXTargetDependency section */

/* Begin XCBuildConfiguration section */
		3B39CAA22B33946300DABEB8 /* ReleaseLocal */ = {
			isa = XCBuildConfiguration;
			buildSettings = {
				ALWAYS_SEARCH_USER_PATHS = NO;
				ASSETCATALOG_COMPILER_GENERATE_SWIFT_ASSET_SYMBOL_EXTENSIONS = YES;
				CLANG_ANALYZER_NONNULL = YES;
				CLANG_ANALYZER_NUMBER_OBJECT_CONVERSION = YES_AGGRESSIVE;
				CLANG_CXX_LANGUAGE_STANDARD = "gnu++20";
				CLANG_ENABLE_MODULES = YES;
				CLANG_ENABLE_OBJC_ARC = YES;
				CLANG_ENABLE_OBJC_WEAK = YES;
				CLANG_WARN_BLOCK_CAPTURE_AUTORELEASING = YES;
				CLANG_WARN_BOOL_CONVERSION = YES;
				CLANG_WARN_COMMA = YES;
				CLANG_WARN_CONSTANT_CONVERSION = YES;
				CLANG_WARN_DEPRECATED_OBJC_IMPLEMENTATIONS = YES;
				CLANG_WARN_DIRECT_OBJC_ISA_USAGE = YES_ERROR;
				CLANG_WARN_DOCUMENTATION_COMMENTS = YES;
				CLANG_WARN_EMPTY_BODY = YES;
				CLANG_WARN_ENUM_CONVERSION = YES;
				CLANG_WARN_INFINITE_RECURSION = YES;
				CLANG_WARN_INT_CONVERSION = YES;
				CLANG_WARN_NON_LITERAL_NULL_CONVERSION = YES;
				CLANG_WARN_OBJC_IMPLICIT_RETAIN_SELF = YES;
				CLANG_WARN_OBJC_LITERAL_CONVERSION = YES;
				CLANG_WARN_OBJC_ROOT_CLASS = YES_ERROR;
				CLANG_WARN_QUOTED_INCLUDE_IN_FRAMEWORK_HEADER = YES;
				CLANG_WARN_RANGE_LOOP_ANALYSIS = YES;
				CLANG_WARN_STRICT_PROTOTYPES = YES;
				CLANG_WARN_SUSPICIOUS_MOVE = YES;
				CLANG_WARN_UNGUARDED_AVAILABILITY = YES_AGGRESSIVE;
				CLANG_WARN_UNREACHABLE_CODE = YES;
				CLANG_WARN__DUPLICATE_METHOD_MATCH = YES;
				COPY_PHASE_STRIP = NO;
				DEAD_CODE_STRIPPING = YES;
				DEBUG_INFORMATION_FORMAT = "dwarf-with-dsym";
				ENABLE_NS_ASSERTIONS = NO;
				ENABLE_STRICT_OBJC_MSGSEND = YES;
				GCC_C_LANGUAGE_STANDARD = gnu11;
				GCC_NO_COMMON_BLOCKS = YES;
				GCC_WARN_64_TO_32_BIT_CONVERSION = YES;
				GCC_WARN_ABOUT_RETURN_TYPE = YES_ERROR;
				GCC_WARN_UNDECLARED_SELECTOR = YES;
				GCC_WARN_UNINITIALIZED_AUTOS = YES_AGGRESSIVE;
				GCC_WARN_UNUSED_FUNCTION = YES;
				GCC_WARN_UNUSED_VARIABLE = YES;
				MACOSX_DEPLOYMENT_TARGET = 13.1;
				MTL_ENABLE_DEBUG_INFO = NO;
				MTL_FAST_MATH = YES;
				SDKROOT = macosx;
				SWIFT_COMPILATION_MODE = wholemodule;
				SWIFT_OPTIMIZATION_LEVEL = "-O";
			};
			name = ReleaseLocal;
		};
		3B39CAA32B33946300DABEB8 /* ReleaseLocal */ = {
			isa = XCBuildConfiguration;
			buildSettings = {
				ASSETCATALOG_COMPILER_APPICON_NAME = Ghostty;
				ASSETCATALOG_COMPILER_GLOBAL_ACCENT_COLOR_NAME = AccentColor;
				ASSETCATALOG_COMPILER_INCLUDE_ALL_APPICON_ASSETS = NO;
				CLANG_ENABLE_MODULES = YES;
				CODE_SIGN_ENTITLEMENTS = GhosttyReleaseLocal.entitlements;
				"CODE_SIGN_IDENTITY[sdk=macosx*]" = "-";
				CODE_SIGN_STYLE = Automatic;
				COMBINE_HIDPI_IMAGES = YES;
				CURRENT_PROJECT_VERSION = 1;
				DEAD_CODE_STRIPPING = YES;
				DEVELOPMENT_TEAM = "";
				ENABLE_HARDENED_RUNTIME = YES;
				ENABLE_PREVIEWS = YES;
				EXECUTABLE_NAME = ghostty;
				GCC_OPTIMIZATION_LEVEL = fast;
				GENERATE_INFOPLIST_FILE = YES;
				INFOPLIST_FILE = "Ghostty-Info.plist";
				INFOPLIST_KEY_CFBundleDisplayName = Ghostty;
				INFOPLIST_KEY_LSApplicationCategoryType = "public.app-category.developer-tools";
				INFOPLIST_KEY_NSAppleEventsUsageDescription = "A program running within Ghostty would like to use AppleScript.";
				INFOPLIST_KEY_NSAudioCaptureUsageDescription = "A program running within Ghostty would like to access your system's audio.";
				INFOPLIST_KEY_NSBluetoothAlwaysUsageDescription = "A program running within Ghostty would like to use Bluetooth.";
				INFOPLIST_KEY_NSCalendarsUsageDescription = "A program running within Ghostty would like to access your Calendar.";
				INFOPLIST_KEY_NSCameraUsageDescription = "A program running within Ghostty would like to use the camera.";
				INFOPLIST_KEY_NSContactsUsageDescription = "A program running within Ghostty would like to access your Contacts.";
				INFOPLIST_KEY_NSHumanReadableCopyright = "";
				INFOPLIST_KEY_NSLocalNetworkUsageDescription = "A program running within Ghostty would like to access the local network.";
				INFOPLIST_KEY_NSLocationTemporaryUsageDescriptionDictionary = "A program running within Ghostty would like to use your location temporarily.";
				INFOPLIST_KEY_NSLocationUsageDescription = "A program running within Ghostty would like to access your location information.";
				INFOPLIST_KEY_NSMainNibFile = MainMenu;
				INFOPLIST_KEY_NSMicrophoneUsageDescription = "A program running within Ghostty would like to use your microphone.";
				INFOPLIST_KEY_NSMotionUsageDescription = "A program running within Ghostty would like to access motion data.";
				INFOPLIST_KEY_NSPhotoLibraryUsageDescription = "A program running within Ghostty would like to access your Photo Library.";
				INFOPLIST_KEY_NSRemindersUsageDescription = "A program running within Ghostty would like to access your reminders.";
				INFOPLIST_KEY_NSSpeechRecognitionUsageDescription = "A program running within Ghostty would like to use speech recognition.";
				INFOPLIST_KEY_NSSystemAdministrationUsageDescription = "A program running within Ghostty requires elevated privileges.";
				INFOPLIST_PREPROCESS = YES;
				LD_RUNPATH_SEARCH_PATHS = (
					"$(inherited)",
					"@executable_path/../Frameworks",
				);
				MACOSX_DEPLOYMENT_TARGET = 13.0;
				MARKETING_VERSION = 0.1;
				"OTHER_LDFLAGS[arch=*]" = "-lstdc++";
				PRODUCT_BUNDLE_IDENTIFIER = com.mitchellh.ghostty;
				PRODUCT_NAME = "$(TARGET_NAME)";
				SWIFT_EMIT_LOC_STRINGS = YES;
				SWIFT_OBJC_BRIDGING_HEADER = "Sources/App/macOS/ghostty-bridging-header.h";
				SWIFT_VERSION = 5.0;
			};
			name = ReleaseLocal;
		};
		810ACCA82E9D3302004F8F92 /* Debug */ = {
			isa = XCBuildConfiguration;
			buildSettings = {
				CODE_SIGN_STYLE = Automatic;
				CURRENT_PROJECT_VERSION = 1;
				ENABLE_USER_SCRIPT_SANDBOXING = YES;
				GCC_C_LANGUAGE_STANDARD = gnu17;
				GENERATE_INFOPLIST_FILE = YES;
				LOCALIZATION_PREFERS_STRING_CATALOGS = YES;
				MACOSX_DEPLOYMENT_TARGET = 13.0;
				MARKETING_VERSION = 1.0;
				PRODUCT_BUNDLE_IDENTIFIER = com.mitchellh.GhosttyUITests;
				PRODUCT_NAME = "$(TARGET_NAME)";
				STRING_CATALOG_GENERATE_SYMBOLS = NO;
				SWIFT_ACTIVE_COMPILATION_CONDITIONS = DEBUG;
				SWIFT_APPROACHABLE_CONCURRENCY = YES;
				SWIFT_EMIT_LOC_STRINGS = NO;
				SWIFT_UPCOMING_FEATURE_MEMBER_IMPORT_VISIBILITY = YES;
				SWIFT_VERSION = 5.0;
				TEST_TARGET_NAME = Ghostty;
			};
			name = Debug;
		};
		810ACCA92E9D3302004F8F92 /* Release */ = {
			isa = XCBuildConfiguration;
			buildSettings = {
				CODE_SIGN_STYLE = Automatic;
				CURRENT_PROJECT_VERSION = 1;
				ENABLE_USER_SCRIPT_SANDBOXING = YES;
				GCC_C_LANGUAGE_STANDARD = gnu17;
				GENERATE_INFOPLIST_FILE = YES;
				LOCALIZATION_PREFERS_STRING_CATALOGS = YES;
				MACOSX_DEPLOYMENT_TARGET = 13.0;
				MARKETING_VERSION = 1.0;
				PRODUCT_BUNDLE_IDENTIFIER = com.mitchellh.GhosttyUITests;
				PRODUCT_NAME = "$(TARGET_NAME)";
				STRING_CATALOG_GENERATE_SYMBOLS = NO;
				SWIFT_ACTIVE_COMPILATION_CONDITIONS = "";
				SWIFT_APPROACHABLE_CONCURRENCY = YES;
				SWIFT_EMIT_LOC_STRINGS = NO;
				SWIFT_UPCOMING_FEATURE_MEMBER_IMPORT_VISIBILITY = YES;
				SWIFT_VERSION = 5.0;
				TEST_TARGET_NAME = Ghostty;
			};
			name = Release;
		};
		810ACCAA2E9D3302004F8F92 /* ReleaseLocal */ = {
			isa = XCBuildConfiguration;
			buildSettings = {
				CODE_SIGN_STYLE = Automatic;
				CURRENT_PROJECT_VERSION = 1;
				ENABLE_USER_SCRIPT_SANDBOXING = YES;
				GCC_C_LANGUAGE_STANDARD = gnu17;
				GENERATE_INFOPLIST_FILE = YES;
				LOCALIZATION_PREFERS_STRING_CATALOGS = YES;
				MACOSX_DEPLOYMENT_TARGET = 13.0;
				MARKETING_VERSION = 1.0;
				PRODUCT_BUNDLE_IDENTIFIER = com.mitchellh.GhosttyUITests;
				PRODUCT_NAME = "$(TARGET_NAME)";
				STRING_CATALOG_GENERATE_SYMBOLS = NO;
				SWIFT_ACTIVE_COMPILATION_CONDITIONS = "";
				SWIFT_APPROACHABLE_CONCURRENCY = YES;
				SWIFT_EMIT_LOC_STRINGS = NO;
				SWIFT_UPCOMING_FEATURE_MEMBER_IMPORT_VISIBILITY = YES;
				SWIFT_VERSION = 5.0;
				TEST_TARGET_NAME = Ghostty;
			};
			name = ReleaseLocal;
		};
		8193244E2F24E6C000A9ED8F /* Debug */ = {
			isa = XCBuildConfiguration;
			buildSettings = {
				CODE_SIGN_STYLE = Manual;
				COMBINE_HIDPI_IMAGES = YES;
				CURRENT_PROJECT_VERSION = 1;
				DEVELOPMENT_TEAM = "";
				ENABLE_USER_SCRIPT_SANDBOXING = YES;
				GCC_C_LANGUAGE_STANDARD = gnu17;
				GENERATE_INFOPLIST_FILE = YES;
				INFOPLIST_KEY_CFBundleDisplayName = "Ghostty Dock Tile Plugin";
				INFOPLIST_KEY_NSHumanReadableCopyright = "";
				INFOPLIST_KEY_NSPrincipalClass = "";
				INSTALL_PATH = "$(LOCAL_LIBRARY_DIR)/Bundles";
				LOCALIZATION_PREFERS_STRING_CATALOGS = YES;
				MACOSX_DEPLOYMENT_TARGET = 13.0;
				MARKETING_VERSION = 0.1;
				PRODUCT_BUNDLE_IDENTIFIER = "com.mitchellh.ghostty-dock-tile";
				PRODUCT_NAME = "$(TARGET_NAME)";
				PROVISIONING_PROFILE_SPECIFIER = "";
				SKIP_INSTALL = YES;
				STRING_CATALOG_GENERATE_SYMBOLS = YES;
				SWIFT_ACTIVE_COMPILATION_CONDITIONS = "DOCK_TILE_PLUGIN DEBUG";
				SWIFT_EMIT_LOC_STRINGS = YES;
				SWIFT_VERSION = 6.0;
				WRAPPER_EXTENSION = plugin;
			};
			name = Debug;
		};
		8193244F2F24E6C000A9ED8F /* Release */ = {
			isa = XCBuildConfiguration;
			buildSettings = {
				CODE_SIGN_STYLE = Manual;
				COMBINE_HIDPI_IMAGES = YES;
				CURRENT_PROJECT_VERSION = 1;
				DEVELOPMENT_TEAM = "";
				ENABLE_USER_SCRIPT_SANDBOXING = YES;
				GCC_C_LANGUAGE_STANDARD = gnu17;
				GENERATE_INFOPLIST_FILE = YES;
				INFOPLIST_KEY_CFBundleDisplayName = "Ghostty Dock Tile Plugin";
				INFOPLIST_KEY_NSHumanReadableCopyright = "";
				INFOPLIST_KEY_NSPrincipalClass = "";
				INSTALL_PATH = "$(LOCAL_LIBRARY_DIR)/Bundles";
				LOCALIZATION_PREFERS_STRING_CATALOGS = YES;
				MACOSX_DEPLOYMENT_TARGET = 13.0;
				MARKETING_VERSION = 0.1;
				PRODUCT_BUNDLE_IDENTIFIER = "com.mitchellh.ghostty-dock-tile";
				PRODUCT_NAME = "$(TARGET_NAME)";
				PROVISIONING_PROFILE_SPECIFIER = "";
				SKIP_INSTALL = YES;
				STRING_CATALOG_GENERATE_SYMBOLS = YES;
				SWIFT_ACTIVE_COMPILATION_CONDITIONS = DOCK_TILE_PLUGIN;
				SWIFT_EMIT_LOC_STRINGS = YES;
				SWIFT_VERSION = 6.0;
				WRAPPER_EXTENSION = plugin;
			};
			name = Release;
		};
		819324502F24E6C000A9ED8F /* ReleaseLocal */ = {
			isa = XCBuildConfiguration;
			buildSettings = {
				CODE_SIGN_STYLE = Manual;
				COMBINE_HIDPI_IMAGES = YES;
				CURRENT_PROJECT_VERSION = 1;
				DEVELOPMENT_TEAM = "";
				ENABLE_USER_SCRIPT_SANDBOXING = YES;
				GCC_C_LANGUAGE_STANDARD = gnu17;
				GENERATE_INFOPLIST_FILE = YES;
				INFOPLIST_KEY_CFBundleDisplayName = "Ghostty Dock Tile Plugin";
				INFOPLIST_KEY_NSHumanReadableCopyright = "";
				INFOPLIST_KEY_NSPrincipalClass = "";
				INSTALL_PATH = "$(LOCAL_LIBRARY_DIR)/Bundles";
				LOCALIZATION_PREFERS_STRING_CATALOGS = YES;
				MACOSX_DEPLOYMENT_TARGET = 13.0;
				MARKETING_VERSION = 0.1;
				PRODUCT_BUNDLE_IDENTIFIER = "com.mitchellh.ghostty-dock-tile";
				PRODUCT_NAME = "$(TARGET_NAME)";
				PROVISIONING_PROFILE_SPECIFIER = "";
				SKIP_INSTALL = YES;
				STRING_CATALOG_GENERATE_SYMBOLS = YES;
				SWIFT_ACTIVE_COMPILATION_CONDITIONS = DOCK_TILE_PLUGIN;
				SWIFT_EMIT_LOC_STRINGS = YES;
				SWIFT_VERSION = 6.0;
				WRAPPER_EXTENSION = plugin;
			};
			name = ReleaseLocal;
		};
		A54F45F92E1F047A0046BD5C /* Debug */ = {
			isa = XCBuildConfiguration;
			buildSettings = {
				BUNDLE_LOADER = "$(TEST_HOST)";
				CODE_SIGN_STYLE = Automatic;
				CURRENT_PROJECT_VERSION = 1;
				ENABLE_USER_SCRIPT_SANDBOXING = YES;
				GCC_C_LANGUAGE_STANDARD = gnu17;
				GENERATE_INFOPLIST_FILE = YES;
				LOCALIZATION_PREFERS_STRING_CATALOGS = YES;
				MACOSX_DEPLOYMENT_TARGET = 15.5;
				MARKETING_VERSION = 1.0;
				PRODUCT_BUNDLE_IDENTIFIER = com.mitchellh.GhosttyTests;
				PRODUCT_NAME = "$(TARGET_NAME)";
				STRING_CATALOG_GENERATE_SYMBOLS = NO;
				SWIFT_ACTIVE_COMPILATION_CONDITIONS = "DEBUG $(inherited)";
				SWIFT_APPROACHABLE_CONCURRENCY = YES;
				SWIFT_EMIT_LOC_STRINGS = NO;
				SWIFT_UPCOMING_FEATURE_MEMBER_IMPORT_VISIBILITY = YES;
				SWIFT_VERSION = 5.0;
				TEST_HOST = "$(BUILT_PRODUCTS_DIR)/Ghostty.app/$(BUNDLE_EXECUTABLE_FOLDER_PATH)/ghostty";
			};
			name = Debug;
		};
		A54F45FA2E1F047A0046BD5C /* Release */ = {
			isa = XCBuildConfiguration;
			buildSettings = {
				BUNDLE_LOADER = "$(TEST_HOST)";
				CODE_SIGN_STYLE = Automatic;
				CURRENT_PROJECT_VERSION = 1;
				ENABLE_USER_SCRIPT_SANDBOXING = YES;
				GCC_C_LANGUAGE_STANDARD = gnu17;
				GENERATE_INFOPLIST_FILE = YES;
				LOCALIZATION_PREFERS_STRING_CATALOGS = YES;
				MACOSX_DEPLOYMENT_TARGET = 15.5;
				MARKETING_VERSION = 1.0;
				PRODUCT_BUNDLE_IDENTIFIER = com.mitchellh.GhosttyTests;
				PRODUCT_NAME = "$(TARGET_NAME)";
				STRING_CATALOG_GENERATE_SYMBOLS = NO;
				SWIFT_APPROACHABLE_CONCURRENCY = YES;
				SWIFT_EMIT_LOC_STRINGS = NO;
				SWIFT_UPCOMING_FEATURE_MEMBER_IMPORT_VISIBILITY = YES;
				SWIFT_VERSION = 5.0;
				TEST_HOST = "$(BUILT_PRODUCTS_DIR)/Ghostty.app/$(BUNDLE_EXECUTABLE_FOLDER_PATH)/ghostty";
			};
			name = Release;
		};
		A54F45FB2E1F047A0046BD5C /* ReleaseLocal */ = {
			isa = XCBuildConfiguration;
			buildSettings = {
				BUNDLE_LOADER = "$(TEST_HOST)";
				CODE_SIGN_STYLE = Automatic;
				CURRENT_PROJECT_VERSION = 1;
				ENABLE_USER_SCRIPT_SANDBOXING = YES;
				GCC_C_LANGUAGE_STANDARD = gnu17;
				GENERATE_INFOPLIST_FILE = YES;
				LOCALIZATION_PREFERS_STRING_CATALOGS = YES;
				MACOSX_DEPLOYMENT_TARGET = 15.5;
				MARKETING_VERSION = 1.0;
				PRODUCT_BUNDLE_IDENTIFIER = com.mitchellh.GhosttyTests;
				PRODUCT_NAME = "$(TARGET_NAME)";
				STRING_CATALOG_GENERATE_SYMBOLS = NO;
				SWIFT_APPROACHABLE_CONCURRENCY = YES;
				SWIFT_EMIT_LOC_STRINGS = NO;
				SWIFT_UPCOMING_FEATURE_MEMBER_IMPORT_VISIBILITY = YES;
				SWIFT_VERSION = 5.0;
				TEST_HOST = "$(BUILT_PRODUCTS_DIR)/Ghostty.app/$(BUNDLE_EXECUTABLE_FOLDER_PATH)/ghostty";
			};
			name = ReleaseLocal;
		};
		A5B3053E299BEAAB0047F10C /* Debug */ = {
			isa = XCBuildConfiguration;
			buildSettings = {
				ALWAYS_SEARCH_USER_PATHS = NO;
				ASSETCATALOG_COMPILER_GENERATE_SWIFT_ASSET_SYMBOL_EXTENSIONS = YES;
				CLANG_ANALYZER_NONNULL = YES;
				CLANG_ANALYZER_NUMBER_OBJECT_CONVERSION = YES_AGGRESSIVE;
				CLANG_CXX_LANGUAGE_STANDARD = "gnu++20";
				CLANG_ENABLE_MODULES = YES;
				CLANG_ENABLE_OBJC_ARC = YES;
				CLANG_ENABLE_OBJC_WEAK = YES;
				CLANG_WARN_BLOCK_CAPTURE_AUTORELEASING = YES;
				CLANG_WARN_BOOL_CONVERSION = YES;
				CLANG_WARN_COMMA = YES;
				CLANG_WARN_CONSTANT_CONVERSION = YES;
				CLANG_WARN_DEPRECATED_OBJC_IMPLEMENTATIONS = YES;
				CLANG_WARN_DIRECT_OBJC_ISA_USAGE = YES_ERROR;
				CLANG_WARN_DOCUMENTATION_COMMENTS = YES;
				CLANG_WARN_EMPTY_BODY = YES;
				CLANG_WARN_ENUM_CONVERSION = YES;
				CLANG_WARN_INFINITE_RECURSION = YES;
				CLANG_WARN_INT_CONVERSION = YES;
				CLANG_WARN_NON_LITERAL_NULL_CONVERSION = YES;
				CLANG_WARN_OBJC_IMPLICIT_RETAIN_SELF = YES;
				CLANG_WARN_OBJC_LITERAL_CONVERSION = YES;
				CLANG_WARN_OBJC_ROOT_CLASS = YES_ERROR;
				CLANG_WARN_QUOTED_INCLUDE_IN_FRAMEWORK_HEADER = YES;
				CLANG_WARN_RANGE_LOOP_ANALYSIS = YES;
				CLANG_WARN_STRICT_PROTOTYPES = YES;
				CLANG_WARN_SUSPICIOUS_MOVE = YES;
				CLANG_WARN_UNGUARDED_AVAILABILITY = YES_AGGRESSIVE;
				CLANG_WARN_UNREACHABLE_CODE = YES;
				CLANG_WARN__DUPLICATE_METHOD_MATCH = YES;
				COPY_PHASE_STRIP = NO;
				DEAD_CODE_STRIPPING = YES;
				DEBUG_INFORMATION_FORMAT = dwarf;
				ENABLE_STRICT_OBJC_MSGSEND = YES;
				ENABLE_TESTABILITY = YES;
				GCC_C_LANGUAGE_STANDARD = gnu11;
				GCC_DYNAMIC_NO_PIC = NO;
				GCC_NO_COMMON_BLOCKS = YES;
				GCC_OPTIMIZATION_LEVEL = 0;
				GCC_PREPROCESSOR_DEFINITIONS = (
					"DEBUG=1",
					"$(inherited)",
				);
				GCC_WARN_64_TO_32_BIT_CONVERSION = YES;
				GCC_WARN_ABOUT_RETURN_TYPE = YES_ERROR;
				GCC_WARN_UNDECLARED_SELECTOR = YES;
				GCC_WARN_UNINITIALIZED_AUTOS = YES_AGGRESSIVE;
				GCC_WARN_UNUSED_FUNCTION = YES;
				GCC_WARN_UNUSED_VARIABLE = YES;
				MACOSX_DEPLOYMENT_TARGET = 13.1;
				MTL_ENABLE_DEBUG_INFO = INCLUDE_SOURCE;
				MTL_FAST_MATH = YES;
				ONLY_ACTIVE_ARCH = YES;
				SDKROOT = macosx;
				SWIFT_ACTIVE_COMPILATION_CONDITIONS = DEBUG;
				SWIFT_OPTIMIZATION_LEVEL = "-Onone";
			};
			name = Debug;
		};
		A5B3053F299BEAAB0047F10C /* Release */ = {
			isa = XCBuildConfiguration;
			buildSettings = {
				ALWAYS_SEARCH_USER_PATHS = NO;
				ASSETCATALOG_COMPILER_GENERATE_SWIFT_ASSET_SYMBOL_EXTENSIONS = YES;
				CLANG_ANALYZER_NONNULL = YES;
				CLANG_ANALYZER_NUMBER_OBJECT_CONVERSION = YES_AGGRESSIVE;
				CLANG_CXX_LANGUAGE_STANDARD = "gnu++20";
				CLANG_ENABLE_MODULES = YES;
				CLANG_ENABLE_OBJC_ARC = YES;
				CLANG_ENABLE_OBJC_WEAK = YES;
				CLANG_WARN_BLOCK_CAPTURE_AUTORELEASING = YES;
				CLANG_WARN_BOOL_CONVERSION = YES;
				CLANG_WARN_COMMA = YES;
				CLANG_WARN_CONSTANT_CONVERSION = YES;
				CLANG_WARN_DEPRECATED_OBJC_IMPLEMENTATIONS = YES;
				CLANG_WARN_DIRECT_OBJC_ISA_USAGE = YES_ERROR;
				CLANG_WARN_DOCUMENTATION_COMMENTS = YES;
				CLANG_WARN_EMPTY_BODY = YES;
				CLANG_WARN_ENUM_CONVERSION = YES;
				CLANG_WARN_INFINITE_RECURSION = YES;
				CLANG_WARN_INT_CONVERSION = YES;
				CLANG_WARN_NON_LITERAL_NULL_CONVERSION = YES;
				CLANG_WARN_OBJC_IMPLICIT_RETAIN_SELF = YES;
				CLANG_WARN_OBJC_LITERAL_CONVERSION = YES;
				CLANG_WARN_OBJC_ROOT_CLASS = YES_ERROR;
				CLANG_WARN_QUOTED_INCLUDE_IN_FRAMEWORK_HEADER = YES;
				CLANG_WARN_RANGE_LOOP_ANALYSIS = YES;
				CLANG_WARN_STRICT_PROTOTYPES = YES;
				CLANG_WARN_SUSPICIOUS_MOVE = YES;
				CLANG_WARN_UNGUARDED_AVAILABILITY = YES_AGGRESSIVE;
				CLANG_WARN_UNREACHABLE_CODE = YES;
				CLANG_WARN__DUPLICATE_METHOD_MATCH = YES;
				COPY_PHASE_STRIP = NO;
				DEAD_CODE_STRIPPING = YES;
				DEBUG_INFORMATION_FORMAT = "dwarf-with-dsym";
				ENABLE_NS_ASSERTIONS = NO;
				ENABLE_STRICT_OBJC_MSGSEND = YES;
				GCC_C_LANGUAGE_STANDARD = gnu11;
				GCC_NO_COMMON_BLOCKS = YES;
				GCC_WARN_64_TO_32_BIT_CONVERSION = YES;
				GCC_WARN_ABOUT_RETURN_TYPE = YES_ERROR;
				GCC_WARN_UNDECLARED_SELECTOR = YES;
				GCC_WARN_UNINITIALIZED_AUTOS = YES_AGGRESSIVE;
				GCC_WARN_UNUSED_FUNCTION = YES;
				GCC_WARN_UNUSED_VARIABLE = YES;
				MACOSX_DEPLOYMENT_TARGET = 13.1;
				MTL_ENABLE_DEBUG_INFO = NO;
				MTL_FAST_MATH = YES;
				SDKROOT = macosx;
				SWIFT_COMPILATION_MODE = wholemodule;
				SWIFT_OPTIMIZATION_LEVEL = "-O";
			};
			name = Release;
		};
		A5B30541299BEAAB0047F10C /* Debug */ = {
			isa = XCBuildConfiguration;
			buildSettings = {
				ASSETCATALOG_COMPILER_APPICON_NAME = Ghostty;
				ASSETCATALOG_COMPILER_GLOBAL_ACCENT_COLOR_NAME = AccentColor;
				ASSETCATALOG_COMPILER_INCLUDE_ALL_APPICON_ASSETS = NO;
				CLANG_ENABLE_MODULES = YES;
				CODE_SIGN_ENTITLEMENTS = GhosttyDebug.entitlements;
				"CODE_SIGN_IDENTITY[sdk=macosx*]" = "-";
				CODE_SIGN_STYLE = Automatic;
				COMBINE_HIDPI_IMAGES = YES;
				CURRENT_PROJECT_VERSION = 1;
				DEAD_CODE_STRIPPING = YES;
				DEBUG_INFORMATION_FORMAT = "dwarf-with-dsym";
				DEVELOPMENT_TEAM = "";
				ENABLE_HARDENED_RUNTIME = YES;
				ENABLE_PREVIEWS = YES;
				EXECUTABLE_NAME = ghostty;
				GENERATE_INFOPLIST_FILE = YES;
				INFOPLIST_FILE = "Ghostty-Info.plist";
				INFOPLIST_KEY_CFBundleDisplayName = "Ghostty[DEBUG]";
				INFOPLIST_KEY_LSApplicationCategoryType = "public.app-category.developer-tools";
				INFOPLIST_KEY_NSAppleEventsUsageDescription = "A program running within Ghostty would like to use AppleScript.";
				INFOPLIST_KEY_NSBluetoothAlwaysUsageDescription = "A program running within Ghostty would like to use Bluetooth.";
				INFOPLIST_KEY_NSCalendarsUsageDescription = "A program running within Ghostty would like to access your Calendar.";
				INFOPLIST_KEY_NSCameraUsageDescription = "A program running within Ghostty would like to use the camera.";
				INFOPLIST_KEY_NSContactsUsageDescription = "A program running within Ghostty would like to access your Contacts.";
				INFOPLIST_KEY_NSHumanReadableCopyright = "";
				INFOPLIST_KEY_NSLocalNetworkUsageDescription = "A program running within Ghostty would like to access the local network.";
				INFOPLIST_KEY_NSLocationTemporaryUsageDescriptionDictionary = "A program running within Ghostty would like to use your location temporarily.";
				INFOPLIST_KEY_NSLocationUsageDescription = "A program running within Ghostty would like to access your location information.";
				INFOPLIST_KEY_NSMainNibFile = MainMenu;
				INFOPLIST_KEY_NSMicrophoneUsageDescription = "A program running within Ghostty would like to use your microphone.";
				INFOPLIST_KEY_NSMotionUsageDescription = "A program running within Ghostty would like to access motion data.";
				INFOPLIST_KEY_NSPhotoLibraryUsageDescription = "A program running within Ghostty would like to access your Photo Library.";
				INFOPLIST_KEY_NSRemindersUsageDescription = "A program running within Ghostty would like to access your reminders.";
				INFOPLIST_KEY_NSSpeechRecognitionUsageDescription = "A program running within Ghostty would like to use speech recognition.";
				INFOPLIST_KEY_NSSystemAdministrationUsageDescription = "A program running within Ghostty requires elevated privileges.";
				INFOPLIST_PREPROCESS = YES;
				LD_RUNPATH_SEARCH_PATHS = (
					"$(inherited)",
					"@executable_path/../Frameworks",
				);
				MACOSX_DEPLOYMENT_TARGET = 13.0;
				MARKETING_VERSION = 0.1;
				"OTHER_LDFLAGS[arch=*]" = "-lstdc++";
				PRODUCT_BUNDLE_IDENTIFIER = com.mitchellh.ghostty.debug;
				PRODUCT_NAME = "$(TARGET_NAME)";
				SWIFT_EMIT_LOC_STRINGS = YES;
				SWIFT_OBJC_BRIDGING_HEADER = "Sources/App/macOS/ghostty-bridging-header.h";
				SWIFT_OPTIMIZATION_LEVEL = "-Onone";
				SWIFT_VERSION = 5.0;
			};
			name = Debug;
		};
		A5B30542299BEAAB0047F10C /* Release */ = {
			isa = XCBuildConfiguration;
			buildSettings = {
				ASSETCATALOG_COMPILER_APPICON_NAME = Ghostty;
				ASSETCATALOG_COMPILER_GLOBAL_ACCENT_COLOR_NAME = AccentColor;
				ASSETCATALOG_COMPILER_INCLUDE_ALL_APPICON_ASSETS = NO;
				CLANG_ENABLE_MODULES = YES;
				CODE_SIGN_ENTITLEMENTS = Ghostty.entitlements;
				"CODE_SIGN_IDENTITY[sdk=macosx*]" = "-";
				CODE_SIGN_STYLE = Automatic;
				COMBINE_HIDPI_IMAGES = YES;
				CURRENT_PROJECT_VERSION = 1;
				DEAD_CODE_STRIPPING = YES;
				DEVELOPMENT_TEAM = "";
				ENABLE_HARDENED_RUNTIME = YES;
				ENABLE_PREVIEWS = YES;
				EXECUTABLE_NAME = ghostty;
				GCC_OPTIMIZATION_LEVEL = fast;
				GENERATE_INFOPLIST_FILE = YES;
				INFOPLIST_FILE = "Ghostty-Info.plist";
				INFOPLIST_KEY_CFBundleDisplayName = Ghostty;
				INFOPLIST_KEY_LSApplicationCategoryType = "public.app-category.developer-tools";
				INFOPLIST_KEY_NSAppleEventsUsageDescription = "A program running within Ghostty would like to use AppleScript.";
				INFOPLIST_KEY_NSBluetoothAlwaysUsageDescription = "A program running within Ghostty would like to use Bluetooth.";
				INFOPLIST_KEY_NSCalendarsUsageDescription = "A program running within Ghostty would like to access your Calendar.";
				INFOPLIST_KEY_NSCameraUsageDescription = "A program running within Ghostty would like to use the camera.";
				INFOPLIST_KEY_NSContactsUsageDescription = "A program running within Ghostty would like to access your Contacts.";
				INFOPLIST_KEY_NSHumanReadableCopyright = "";
				INFOPLIST_KEY_NSLocalNetworkUsageDescription = "A program running within Ghostty would like to access the local network.";
				INFOPLIST_KEY_NSLocationTemporaryUsageDescriptionDictionary = "A program running within Ghostty would like to use your location temporarily.";
				INFOPLIST_KEY_NSLocationUsageDescription = "A program running within Ghostty would like to access your location information.";
				INFOPLIST_KEY_NSMainNibFile = MainMenu;
				INFOPLIST_KEY_NSMicrophoneUsageDescription = "A program running within Ghostty would like to use your microphone.";
				INFOPLIST_KEY_NSMotionUsageDescription = "A program running within Ghostty would like to access motion data.";
				INFOPLIST_KEY_NSPhotoLibraryUsageDescription = "A program running within Ghostty would like to access your Photo Library.";
				INFOPLIST_KEY_NSRemindersUsageDescription = "A program running within Ghostty would like to access your reminders.";
				INFOPLIST_KEY_NSSpeechRecognitionUsageDescription = "A program running within Ghostty would like to use speech recognition.";
				INFOPLIST_KEY_NSSystemAdministrationUsageDescription = "A program running within Ghostty requires elevated privileges.";
				INFOPLIST_PREPROCESS = YES;
				LD_RUNPATH_SEARCH_PATHS = (
					"$(inherited)",
					"@executable_path/../Frameworks",
				);
				MACOSX_DEPLOYMENT_TARGET = 13.0;
				MARKETING_VERSION = 0.1;
				"OTHER_LDFLAGS[arch=*]" = "-lstdc++";
				PRODUCT_BUNDLE_IDENTIFIER = com.mitchellh.ghostty;
				PRODUCT_NAME = "$(TARGET_NAME)";
				SWIFT_EMIT_LOC_STRINGS = YES;
				SWIFT_OBJC_BRIDGING_HEADER = "Sources/App/macOS/ghostty-bridging-header.h";
				SWIFT_VERSION = 5.0;
			};
			name = Release;
		};
		A5D449A82B53AE7B000F5B83 /* Debug */ = {
			isa = XCBuildConfiguration;
			buildSettings = {
				ASSETCATALOG_COMPILER_APPICON_NAME = Ghostty;
				ASSETCATALOG_COMPILER_GENERATE_SWIFT_ASSET_SYMBOL_EXTENSIONS = YES;
				ASSETCATALOG_COMPILER_GLOBAL_ACCENT_COLOR_NAME = AccentColor;
				CODE_SIGN_STYLE = Automatic;
				CURRENT_PROJECT_VERSION = 1;
				DEVELOPMENT_ASSET_PATHS = "";
				DEVELOPMENT_TEAM = "";
				ENABLE_PREVIEWS = YES;
				ENABLE_USER_SCRIPT_SANDBOXING = YES;
				GCC_C_LANGUAGE_STANDARD = gnu17;
				GENERATE_INFOPLIST_FILE = YES;
				INFOPLIST_KEY_CFBundleDisplayName = Ghostty;
				INFOPLIST_KEY_LSApplicationCategoryType = "public.app-category.developer-tools";
				INFOPLIST_KEY_UIApplicationSceneManifest_Generation = YES;
				INFOPLIST_KEY_UIApplicationSupportsIndirectInputEvents = YES;
				INFOPLIST_KEY_UILaunchScreen_Generation = YES;
				INFOPLIST_KEY_UISupportedInterfaceOrientations_iPad = "UIInterfaceOrientationPortrait UIInterfaceOrientationPortraitUpsideDown UIInterfaceOrientationLandscapeLeft UIInterfaceOrientationLandscapeRight";
				INFOPLIST_KEY_UISupportedInterfaceOrientations_iPhone = "UIInterfaceOrientationPortrait UIInterfaceOrientationLandscapeLeft UIInterfaceOrientationLandscapeRight";
				IPHONEOS_DEPLOYMENT_TARGET = 17.0;
				LD_RUNPATH_SEARCH_PATHS = (
					"$(inherited)",
					"@executable_path/Frameworks",
				);
				LOCALIZATION_PREFERS_STRING_CATALOGS = YES;
				MARKETING_VERSION = 0.1;
				"OTHER_LDFLAGS[arch=*]" = "-lstdc++";
				PRODUCT_BUNDLE_IDENTIFIER = "com.mitchellh.ghostty-ios";
				PRODUCT_NAME = "$(TARGET_NAME)";
				SDKROOT = iphoneos;
				SWIFT_ACTIVE_COMPILATION_CONDITIONS = "DEBUG $(inherited)";
				SWIFT_EMIT_LOC_STRINGS = YES;
				SWIFT_VERSION = 5.0;
				TARGETED_DEVICE_FAMILY = "1,2";
			};
			name = Debug;
		};
		A5D449A92B53AE7B000F5B83 /* Release */ = {
			isa = XCBuildConfiguration;
			buildSettings = {
				ASSETCATALOG_COMPILER_APPICON_NAME = Ghostty;
				ASSETCATALOG_COMPILER_GENERATE_SWIFT_ASSET_SYMBOL_EXTENSIONS = YES;
				ASSETCATALOG_COMPILER_GLOBAL_ACCENT_COLOR_NAME = AccentColor;
				CODE_SIGN_STYLE = Automatic;
				CURRENT_PROJECT_VERSION = 1;
				DEVELOPMENT_ASSET_PATHS = "";
				DEVELOPMENT_TEAM = "";
				ENABLE_PREVIEWS = YES;
				ENABLE_USER_SCRIPT_SANDBOXING = YES;
				GCC_C_LANGUAGE_STANDARD = gnu17;
				GENERATE_INFOPLIST_FILE = YES;
				INFOPLIST_KEY_CFBundleDisplayName = Ghostty;
				INFOPLIST_KEY_LSApplicationCategoryType = "public.app-category.developer-tools";
				INFOPLIST_KEY_UIApplicationSceneManifest_Generation = YES;
				INFOPLIST_KEY_UIApplicationSupportsIndirectInputEvents = YES;
				INFOPLIST_KEY_UILaunchScreen_Generation = YES;
				INFOPLIST_KEY_UISupportedInterfaceOrientations_iPad = "UIInterfaceOrientationPortrait UIInterfaceOrientationPortraitUpsideDown UIInterfaceOrientationLandscapeLeft UIInterfaceOrientationLandscapeRight";
				INFOPLIST_KEY_UISupportedInterfaceOrientations_iPhone = "UIInterfaceOrientationPortrait UIInterfaceOrientationLandscapeLeft UIInterfaceOrientationLandscapeRight";
				IPHONEOS_DEPLOYMENT_TARGET = 17.0;
				LD_RUNPATH_SEARCH_PATHS = (
					"$(inherited)",
					"@executable_path/Frameworks",
				);
				LOCALIZATION_PREFERS_STRING_CATALOGS = YES;
				MARKETING_VERSION = 0.1;
				"OTHER_LDFLAGS[arch=*]" = "-lstdc++";
				PRODUCT_BUNDLE_IDENTIFIER = "com.mitchellh.ghostty-ios";
				PRODUCT_NAME = "$(TARGET_NAME)";
				SDKROOT = iphoneos;
				SWIFT_EMIT_LOC_STRINGS = YES;
				SWIFT_VERSION = 5.0;
				TARGETED_DEVICE_FAMILY = "1,2";
				VALIDATE_PRODUCT = YES;
			};
			name = Release;
		};
		A5D449AA2B53AE7B000F5B83 /* ReleaseLocal */ = {
			isa = XCBuildConfiguration;
			buildSettings = {
				ASSETCATALOG_COMPILER_APPICON_NAME = Ghostty;
				ASSETCATALOG_COMPILER_GENERATE_SWIFT_ASSET_SYMBOL_EXTENSIONS = YES;
				ASSETCATALOG_COMPILER_GLOBAL_ACCENT_COLOR_NAME = AccentColor;
				CODE_SIGN_STYLE = Automatic;
				CURRENT_PROJECT_VERSION = 1;
				DEVELOPMENT_ASSET_PATHS = "";
				DEVELOPMENT_TEAM = "";
				ENABLE_PREVIEWS = YES;
				ENABLE_USER_SCRIPT_SANDBOXING = YES;
				GCC_C_LANGUAGE_STANDARD = gnu17;
				GENERATE_INFOPLIST_FILE = YES;
				INFOPLIST_KEY_CFBundleDisplayName = Ghostty;
				INFOPLIST_KEY_LSApplicationCategoryType = "public.app-category.developer-tools";
				INFOPLIST_KEY_UIApplicationSceneManifest_Generation = YES;
				INFOPLIST_KEY_UIApplicationSupportsIndirectInputEvents = YES;
				INFOPLIST_KEY_UILaunchScreen_Generation = YES;
				INFOPLIST_KEY_UISupportedInterfaceOrientations_iPad = "UIInterfaceOrientationPortrait UIInterfaceOrientationPortraitUpsideDown UIInterfaceOrientationLandscapeLeft UIInterfaceOrientationLandscapeRight";
				INFOPLIST_KEY_UISupportedInterfaceOrientations_iPhone = "UIInterfaceOrientationPortrait UIInterfaceOrientationLandscapeLeft UIInterfaceOrientationLandscapeRight";
				IPHONEOS_DEPLOYMENT_TARGET = 17.0;
				LD_RUNPATH_SEARCH_PATHS = (
					"$(inherited)",
					"@executable_path/Frameworks",
				);
				LOCALIZATION_PREFERS_STRING_CATALOGS = YES;
				MARKETING_VERSION = 0.1;
				"OTHER_LDFLAGS[arch=*]" = "-lstdc++";
				PRODUCT_BUNDLE_IDENTIFIER = "com.mitchellh.ghostty-ios";
				PRODUCT_NAME = "$(TARGET_NAME)";
				SDKROOT = iphoneos;
				SWIFT_EMIT_LOC_STRINGS = YES;
				SWIFT_VERSION = 5.0;
				TARGETED_DEVICE_FAMILY = "1,2";
				VALIDATE_PRODUCT = YES;
			};
			name = ReleaseLocal;
		};
/* End XCBuildConfiguration section */

/* Begin XCConfigurationList section */
		810ACCA72E9D3302004F8F92 /* Build configuration list for PBXNativeTarget "GhosttyUITests" */ = {
			isa = XCConfigurationList;
			buildConfigurations = (
				810ACCA82E9D3302004F8F92 /* Debug */,
				810ACCA92E9D3302004F8F92 /* Release */,
				810ACCAA2E9D3302004F8F92 /* ReleaseLocal */,
			);
			defaultConfigurationIsVisible = 0;
			defaultConfigurationName = ReleaseLocal;
		};
		819324512F24E6C000A9ED8F /* Build configuration list for PBXNativeTarget "DockTilePlugin" */ = {
			isa = XCConfigurationList;
			buildConfigurations = (
				8193244E2F24E6C000A9ED8F /* Debug */,
				8193244F2F24E6C000A9ED8F /* Release */,
				819324502F24E6C000A9ED8F /* ReleaseLocal */,
			);
			defaultConfigurationIsVisible = 0;
			defaultConfigurationName = ReleaseLocal;
		};
		A54F45FC2E1F047A0046BD5C /* Build configuration list for PBXNativeTarget "GhosttyTests" */ = {
			isa = XCConfigurationList;
			buildConfigurations = (
				A54F45F92E1F047A0046BD5C /* Debug */,
				A54F45FA2E1F047A0046BD5C /* Release */,
				A54F45FB2E1F047A0046BD5C /* ReleaseLocal */,
			);
			defaultConfigurationIsVisible = 0;
			defaultConfigurationName = ReleaseLocal;
		};
		A5B3052C299BEAAA0047F10C /* Build configuration list for PBXProject "Ghostty" */ = {
			isa = XCConfigurationList;
			buildConfigurations = (
				A5B3053E299BEAAB0047F10C /* Debug */,
				A5B3053F299BEAAB0047F10C /* Release */,
				3B39CAA22B33946300DABEB8 /* ReleaseLocal */,
			);
			defaultConfigurationIsVisible = 0;
			defaultConfigurationName = ReleaseLocal;
		};
		A5B30540299BEAAB0047F10C /* Build configuration list for PBXNativeTarget "Ghostty" */ = {
			isa = XCConfigurationList;
			buildConfigurations = (
				A5B30541299BEAAB0047F10C /* Debug */,
				A5B30542299BEAAB0047F10C /* Release */,
				3B39CAA32B33946300DABEB8 /* ReleaseLocal */,
			);
			defaultConfigurationIsVisible = 0;
			defaultConfigurationName = ReleaseLocal;
		};
		A5D449AB2B53AE7B000F5B83 /* Build configuration list for PBXNativeTarget "Ghostty-iOS" */ = {
			isa = XCConfigurationList;
			buildConfigurations = (
				A5D449A82B53AE7B000F5B83 /* Debug */,
				A5D449A92B53AE7B000F5B83 /* Release */,
				A5D449AA2B53AE7B000F5B83 /* ReleaseLocal */,
			);
			defaultConfigurationIsVisible = 0;
			defaultConfigurationName = ReleaseLocal;
		};
/* End XCConfigurationList section */

/* Begin XCRemoteSwiftPackageReference section */
		A51BFC252B30F1B700E92F16 /* XCRemoteSwiftPackageReference "Sparkle" */ = {
			isa = XCRemoteSwiftPackageReference;
			repositoryURL = "https://github.com/sparkle-project/Sparkle";
			requirement = {
				kind = upToNextMajorVersion;
				minimumVersion = 2.5.1;
			};
		};
/* End XCRemoteSwiftPackageReference section */

/* Begin XCSwiftPackageProductDependency section */
		A51BFC262B30F1B800E92F16 /* Sparkle */ = {
			isa = XCSwiftPackageProductDependency;
			package = A51BFC252B30F1B700E92F16 /* XCRemoteSwiftPackageReference "Sparkle" */;
			productName = Sparkle;
		};
/* End XCSwiftPackageProductDependency section */
	};
	rootObject = A5B30529299BEAAA0047F10C /* Project object */;
}
