{
  "name": "tmux-bombadil-fuzz",
  "lockfileVersion": 3,
  "requires": true,
  "packages": {
    "": {
      "name": "tmux-bombadil-fuzz",
      "devDependencies": {
        "@antithesishq/bombadil": "0.6.1",
        "typescript": "^5.5.0"
      }
    },
    "node_modules/@antithesishq/bombadil": {
      "version": "0.6.1",
      "resolved": "https://registry.npmjs.org/@antithesishq/bombadil/-/bombadil-0.6.1.tgz",
      "integrity": "sha512-d1iufG3MI7gSMSiSmMeNdcMW+qR0yQXL2zdkVynC3n3DYgFJYlYXKUQzygmqU12m4RWlR5iOdQU1hsx5UT6+IA==",
      "dev": true,
      "license": "MIT",
      "bin": {
        "bombadil": "bin/bombadil.js"
      }
    },
    "node_modules/typescript": {
      "version": "5.9.3",
      "resolved": "https://registry.npmjs.org/typescript/-/typescript-5.9.3.tgz",
      "integrity": "sha512-jl1vZzPDinLr9eUt3J/t7V6FgNEw9QjvBPdysz9KfQDD41fQrC2Y4vKQdiaUpFT4bXlb1RHhLpp8wtm6M5TgSw==",
      "dev": true,
      "license": "Apache-2.0",
      "bin": {
        "tsc": "bin/tsc",
        "tsserver": "bin/tsserver"
      },
      "engines": {
        "node": ">=14.17"
      }
    }
  }
}
