name: 'Lock Threads'

on:
  schedule:
    - cron: '0 0 * * *'
  workflow_dispatch:

permissions:
  issues: write
  pull-requests: write
  discussions: write

concurrency:
  group: lock-threads

jobs:
  action:
    runs-on: ubuntu-latest
    steps:
      - uses: dessant/lock-threads@v5
        with:
          github-token: ${{ github.token }}
          issue-inactive-days: '30'
          issue-comment: >
            This issue has been automatically locked since there
            has not been any recent activity after it was closed.
          pr-inactive-days: '60'
          pr-comment: >
            This pull request has been automatically locked since there
            has not been any recent activity after it was closed.
          discussion-inactive-days: '60'
          discussion-comment: >
            This discussion has been automatically locked since there
            has not been any recent activity after it was closed.
